// !$*UTF8*$!
{
	archiveVersion = 1;
	classes = {
	};
	objectVersion = 77;
	objects = {

/* Begin PBXBuildFile section */
		0A91755499706FF76EEFDA88 /* WordTiming.swift in Sources */ = {isa = PBXBuildFile; fileRef = 418CAB7CBA3CC98B2440667D /* WordTiming.swift */; };
		0C64DAECC37CE0F9EE6F4F84 /* SpotifyTokenStore.swift in Sources */ = {isa = PBXBuildFile; fileRef = 5FF245A612F68E00B52785D5 /* SpotifyTokenStore.swift */; };
		10A74E33213A9D7C01D092EC /* WidgetSong.swift in Sources */ = {isa = PBXBuildFile; fileRef = 72CB50D44404E124001B0952 /* WidgetSong.swift */; };
		15EFDDE3CDDB06FDEF514B2D /* SpotifyAuth.swift in Sources */ = {isa = PBXBuildFile; fileRef = BF89F5421F1CC4DC43C549BE /* SpotifyAuth.swift */; };
		162E96B607E68A61E5DCC820 /* CarLyricsWidget.appex in Embed Foundation Extensions */ = {isa = PBXBuildFile; fileRef = 17D2130A95163B57C8724D44 /* CarLyricsWidget.appex */; settings = {ATTRIBUTES = (RemoveHeadersOnCopy, ); }; };
		1925E0C50DEA47AFFBF1F1CB /* LyricsActivityAttributes.swift in Sources */ = {isa = PBXBuildFile; fileRef = E3C465B6137E640653D51F50 /* LyricsActivityAttributes.swift */; };
		2C4B07E0C1CDDBB51B1DBF30 /* CarLyricsWidgetBundle.swift in Sources */ = {isa = PBXBuildFile; fileRef = 5A1068EACD9720B9AC7FB1BF /* CarLyricsWidgetBundle.swift */; };
		30237C7D0A2277E00D491CA7 /* ArtworkPalette.swift in Sources */ = {isa = PBXBuildFile; fileRef = 0A220FAB5530FB57B9C679CA /* ArtworkPalette.swift */; };
		36F7B9C3B574CB99C0DDF98C /* SpotifyAPI.swift in Sources */ = {isa = PBXBuildFile; fileRef = 0431E0ED0E530CB3D2074A47 /* SpotifyAPI.swift */; };
		447748D977C7480E0EB3EC97 /* Diagnostics.swift in Sources */ = {isa = PBXBuildFile; fileRef = B52814CA5EC27BF297C76F4A /* Diagnostics.swift */; };
		45810DE482EC4A871C752748 /* AppModel.swift in Sources */ = {isa = PBXBuildFile; fileRef = EC24411FCA4EBF931207891E /* AppModel.swift */; };
		5B1985B51B2BE4CDA5A12651 /* LyricsWidget.swift in Sources */ = {isa = PBXBuildFile; fileRef = 686849A770E6F70C8F1568A6 /* LyricsWidget.swift */; };
		5E62B4F56475412BFA654984 /* WidgetSong.swift in Sources */ = {isa = PBXBuildFile; fileRef = 72CB50D44404E124001B0952 /* WidgetSong.swift */; };
		660E9B6657A15F1F9DFB1C8D /* SpotifyTokenStore.swift in Sources */ = {isa = PBXBuildFile; fileRef = 5FF245A612F68E00B52785D5 /* SpotifyTokenStore.swift */; };
		671AD61365DE6F68071A33C8 /* LyricsActivityAttributes.swift in Sources */ = {isa = PBXBuildFile; fileRef = E3C465B6137E640653D51F50 /* LyricsActivityAttributes.swift */; };
		6F60CFCE14A6A068000CB537 /* LyricsIntents.swift in Sources */ = {isa = PBXBuildFile; fileRef = D369E5D54F0FD40142FE3927 /* LyricsIntents.swift */; };
		7E240AB4DACF0B940AEDC53E /* CarLyricsApp.swift in Sources */ = {isa = PBXBuildFile; fileRef = 5210E13650B295ADF15BE701 /* CarLyricsApp.swift */; };
		851AB2B517833806234FDED0 /* ArtworkPalette.swift in Sources */ = {isa = PBXBuildFile; fileRef = 0A220FAB5530FB57B9C679CA /* ArtworkPalette.swift */; };
		8850CE2BE225FC73052A537C /* SpotifyAPI.swift in Sources */ = {isa = PBXBuildFile; fileRef = 0431E0ED0E530CB3D2074A47 /* SpotifyAPI.swift */; };
		8D42C86FCC71BC9BC645FA10 /* Config.swift in Sources */ = {isa = PBXBuildFile; fileRef = 7CEE377E6DBFAC838B0B39A9 /* Config.swift */; };
		9FD1B665BFA731DCE91DED11 /* WordTiming.swift in Sources */ = {isa = PBXBuildFile; fileRef = 418CAB7CBA3CC98B2440667D /* WordTiming.swift */; };
		A1AE24D265E2326AB60145AC /* LyricsService.swift in Sources */ = {isa = PBXBuildFile; fileRef = CF8BE70CF00CE1FBAD9D9B15 /* LyricsService.swift */; };
		B5C67960337B68C041952568 /* LyricsService.swift in Sources */ = {isa = PBXBuildFile; fileRef = CF8BE70CF00CE1FBAD9D9B15 /* LyricsService.swift */; };
		B69B7CC1837981E0BB1A645D /* Assets.xcassets in Resources */ = {isa = PBXBuildFile; fileRef = AEEE32790827C71F7BCD9F31 /* Assets.xcassets */; };
		C0E521FB329335673913B7D0 /* BackgroundKeepAlive.swift in Sources */ = {isa = PBXBuildFile; fileRef = 6700376D3D3975A308935962 /* BackgroundKeepAlive.swift */; };
		C22F7BA586B97B31DE5D2701 /* SpotifyLogin in Frameworks */ = {isa = PBXBuildFile; productRef = 2777BA39026F4F8D7099888B /* SpotifyLogin */; };
		C7FB7FF80F79F6DE148E48E8 /* LyricsLiveActivity.swift in Sources */ = {isa = PBXBuildFile; fileRef = 134372745DA0313D83BF4580 /* LyricsLiveActivity.swift */; };
		E2130C2E756B6D1A265F84D9 /* LyricsEngine.swift in Sources */ = {isa = PBXBuildFile; fileRef = 48F33C0E47A57B894FD2941A /* LyricsEngine.swift */; };
		E6C0821D1EEEB5B84D1E7C0B /* LiveActivityController.swift in Sources */ = {isa = PBXBuildFile; fileRef = E0972B9E8C8EB3C5E1A186B5 /* LiveActivityController.swift */; };
		F4ED3F9D5C67F89D2FC59988 /* Views.swift in Sources */ = {isa = PBXBuildFile; fileRef = 9B894422A2B6FC864DBA7EE1 /* Views.swift */; };
/* End PBXBuildFile section */

/* Begin PBXContainerItemProxy section */
		B8288CA6B126B88E91AA9D41 /* PBXContainerItemProxy */ = {
			isa = PBXContainerItemProxy;
			containerPortal = F71EE8D45CAF742F4C6505ED /* Project object */;
			proxyType = 1;
			remoteGlobalIDString = 0999204BC98962D0FB5C9EEA;
			remoteInfo = CarLyricsWidget;
		};
/* End PBXContainerItemProxy section */

/* Begin PBXCopyFilesBuildPhase section */
		ECCC7A32FFE0213C3399CE5F /* Embed Foundation Extensions */ = {
			isa = PBXCopyFilesBuildPhase;
			buildActionMask = 2147483647;
			dstPath = "";
			dstSubfolderSpec = 13;
			files = (
				162E96B607E68A61E5DCC820 /* CarLyricsWidget.appex in Embed Foundation Extensions */,
			);
			name = "Embed Foundation Extensions";
			runOnlyForDeploymentPostprocessing = 0;
		};
/* End PBXCopyFilesBuildPhase section */

/* Begin PBXFileReference section */
		0431E0ED0E530CB3D2074A47 /* SpotifyAPI.swift */ = {isa = PBXFileReference; lastKnownFileType = sourcecode.swift; path = SpotifyAPI.swift; sourceTree = "<group>"; };
		0A220FAB5530FB57B9C679CA /* ArtworkPalette.swift */ = {isa = PBXFileReference; lastKnownFileType = sourcecode.swift; path = ArtworkPalette.swift; sourceTree = "<group>"; };
		134372745DA0313D83BF4580 /* LyricsLiveActivity.swift */ = {isa = PBXFileReference; lastKnownFileType = sourcecode.swift; path = LyricsLiveActivity.swift; sourceTree = "<group>"; };
		17D2130A95163B57C8724D44 /* CarLyricsWidget.appex */ = {isa = PBXFileReference; includeInIndex = 0; lastKnownFileType = "wrapper.app-extension"; path = CarLyricsWidget.appex; sourceTree = BUILT_PRODUCTS_DIR; };
		418CAB7CBA3CC98B2440667D /* WordTiming.swift */ = {isa = PBXFileReference; lastKnownFileType = sourcecode.swift; path = WordTiming.swift; sourceTree = "<group>"; };
		48F33C0E47A57B894FD2941A /* LyricsEngine.swift */ = {isa = PBXFileReference; lastKnownFileType = sourcecode.swift; path = LyricsEngine.swift; sourceTree = "<group>"; };
		5210E13650B295ADF15BE701 /* CarLyricsApp.swift */ = {isa = PBXFileReference; lastKnownFileType = sourcecode.swift; path = CarLyricsApp.swift; sourceTree = "<group>"; };
		5A1068EACD9720B9AC7FB1BF /* CarLyricsWidgetBundle.swift */ = {isa = PBXFileReference; lastKnownFileType = sourcecode.swift; path = CarLyricsWidgetBundle.swift; sourceTree = "<group>"; };
		5FF245A612F68E00B52785D5 /* SpotifyTokenStore.swift */ = {isa = PBXFileReference; lastKnownFileType = sourcecode.swift; path = SpotifyTokenStore.swift; sourceTree = "<group>"; };
		633174D43C6C3F7F18E6E179 /* Info.plist */ = {isa = PBXFileReference; lastKnownFileType = text.plist; path = Info.plist; sourceTree = "<group>"; };
		6700376D3D3975A308935962 /* BackgroundKeepAlive.swift */ = {isa = PBXFileReference; lastKnownFileType = sourcecode.swift; path = BackgroundKeepAlive.swift; sourceTree = "<group>"; };
		686849A770E6F70C8F1568A6 /* LyricsWidget.swift */ = {isa = PBXFileReference; lastKnownFileType = sourcecode.swift; path = LyricsWidget.swift; sourceTree = "<group>"; };
		6D63B7C0B74F1C62F11C695C /* CarLyrics.entitlements */ = {isa = PBXFileReference; lastKnownFileType = text.plist.entitlements; path = CarLyrics.entitlements; sourceTree = "<group>"; };
		72CB50D44404E124001B0952 /* WidgetSong.swift */ = {isa = PBXFileReference; lastKnownFileType = sourcecode.swift; path = WidgetSong.swift; sourceTree = "<group>"; };
		7CEE377E6DBFAC838B0B39A9 /* Config.swift */ = {isa = PBXFileReference; lastKnownFileType = sourcecode.swift; path = Config.swift; sourceTree = "<group>"; };
		9B894422A2B6FC864DBA7EE1 /* Views.swift */ = {isa = PBXFileReference; lastKnownFileType = sourcecode.swift; path = Views.swift; sourceTree = "<group>"; };
		AEEE32790827C71F7BCD9F31 /* Assets.xcassets */ = {isa = PBXFileReference; lastKnownFileType = folder.assetcatalog; path = Assets.xcassets; sourceTree = "<group>"; };
		B52814CA5EC27BF297C76F4A /* Diagnostics.swift */ = {isa = PBXFileReference; lastKnownFileType = sourcecode.swift; path = Diagnostics.swift; sourceTree = "<group>"; };
		BF89F5421F1CC4DC43C549BE /* SpotifyAuth.swift */ = {isa = PBXFileReference; lastKnownFileType = sourcecode.swift; path = SpotifyAuth.swift; sourceTree = "<group>"; };
		CF8BE70CF00CE1FBAD9D9B15 /* LyricsService.swift */ = {isa = PBXFileReference; lastKnownFileType = sourcecode.swift; path = LyricsService.swift; sourceTree = "<group>"; };
		D369E5D54F0FD40142FE3927 /* LyricsIntents.swift */ = {isa = PBXFileReference; lastKnownFileType = sourcecode.swift; path = LyricsIntents.swift; sourceTree = "<group>"; };
		D89DCF7CF7F6B3C59C2AAB1A /* CarLyricsWidget.entitlements */ = {isa = PBXFileReference; lastKnownFileType = text.plist.entitlements; path = CarLyricsWidget.entitlements; sourceTree = "<group>"; };
		D8A2D349CEE851838835FFFB /* Info.plist */ = {isa = PBXFileReference; lastKnownFileType = text.plist; path = Info.plist; sourceTree = "<group>"; };
		DD6363CA8D143DD2D1E762E8 /* CarLyrics.app */ = {isa = PBXFileReference; includeInIndex = 0; lastKnownFileType = wrapper.application; path = CarLyrics.app; sourceTree = BUILT_PRODUCTS_DIR; };
		E0972B9E8C8EB3C5E1A186B5 /* LiveActivityController.swift */ = {isa = PBXFileReference; lastKnownFileType = sourcecode.swift; path = LiveActivityController.swift; sourceTree = "<group>"; };
		E3C465B6137E640653D51F50 /* LyricsActivityAttributes.swift */ = {isa = PBXFileReference; lastKnownFileType = sourcecode.swift; path = LyricsActivityAttributes.swift; sourceTree = "<group>"; };
		EC24411FCA4EBF931207891E /* AppModel.swift */ = {isa = PBXFileReference; lastKnownFileType = sourcecode.swift; path = AppModel.swift; sourceTree = "<group>"; };
		"TEMP_D7BF955E-DE9B-4FA7-BCA4-D3CE5BF4FCC5" /* Base.xcconfig */ = {isa = PBXFileReference; lastKnownFileType = text.xcconfig; path = Base.xcconfig; sourceTree = "<group>"; };
/* End PBXFileReference section */

/* Begin PBXFrameworksBuildPhase section */
		8E114FD3511FAC4DFC2FDC54 /* Frameworks */ = {
			isa = PBXFrameworksBuildPhase;
			buildActionMask = 2147483647;
			files = (
				C22F7BA586B97B31DE5D2701 /* SpotifyLogin in Frameworks */,
			);
			runOnlyForDeploymentPostprocessing = 0;
		};
/* End PBXFrameworksBuildPhase section */

/* Begin PBXGroup section */
		95A4DEA6802046F5D51ADF5C = {
			isa = PBXGroup;
			children = (
				D370F5B791B8BDF754532EA7 /* CarLyrics */,
				BDDE4F33C53D175559486526 /* CarLyricsWidget */,
				F5980B3DF8D24741BCFFED0C /* Shared */,
				E8B6925BA2EFEEF9B548B183 /* Products */,
			);
			sourceTree = "<group>";
		};
		BDDE4F33C53D175559486526 /* CarLyricsWidget */ = {
			isa = PBXGroup;
			children = (
				D89DCF7CF7F6B3C59C2AAB1A /* CarLyricsWidget.entitlements */,
				5A1068EACD9720B9AC7FB1BF /* CarLyricsWidgetBundle.swift */,
				633174D43C6C3F7F18E6E179 /* Info.plist */,
				134372745DA0313D83BF4580 /* LyricsLiveActivity.swift */,
				686849A770E6F70C8F1568A6 /* LyricsWidget.swift */,
			);
			path = CarLyricsWidget;
			sourceTree = "<group>";
		};
		D370F5B791B8BDF754532EA7 /* CarLyrics */ = {
			isa = PBXGroup;
			children = (
				EC24411FCA4EBF931207891E /* AppModel.swift */,
				AEEE32790827C71F7BCD9F31 /* Assets.xcassets */,
				6700376D3D3975A308935962 /* BackgroundKeepAlive.swift */,
				6D63B7C0B74F1C62F11C695C /* CarLyrics.entitlements */,
				5210E13650B295ADF15BE701 /* CarLyricsApp.swift */,
				7CEE377E6DBFAC838B0B39A9 /* Config.swift */,
				B52814CA5EC27BF297C76F4A /* Diagnostics.swift */,
				D8A2D349CEE851838835FFFB /* Info.plist */,
				E0972B9E8C8EB3C5E1A186B5 /* LiveActivityController.swift */,
				48F33C0E47A57B894FD2941A /* LyricsEngine.swift */,
				D369E5D54F0FD40142FE3927 /* LyricsIntents.swift */,
				BF89F5421F1CC4DC43C549BE /* SpotifyAuth.swift */,
				9B894422A2B6FC864DBA7EE1 /* Views.swift */,
			);
			path = CarLyrics;
			sourceTree = "<group>";
		};
		E8B6925BA2EFEEF9B548B183 /* Products */ = {
			isa = PBXGroup;
			children = (
				DD6363CA8D143DD2D1E762E8 /* CarLyrics.app */,
				17D2130A95163B57C8724D44 /* CarLyricsWidget.appex */,
			);
			name = Products;
			sourceTree = "<group>";
		};
		F5980B3DF8D24741BCFFED0C /* Shared */ = {
			isa = PBXGroup;
			children = (
				0A220FAB5530FB57B9C679CA /* ArtworkPalette.swift */,
				E3C465B6137E640653D51F50 /* LyricsActivityAttributes.swift */,
				CF8BE70CF00CE1FBAD9D9B15 /* LyricsService.swift */,
				0431E0ED0E530CB3D2074A47 /* SpotifyAPI.swift */,
				5FF245A612F68E00B52785D5 /* SpotifyTokenStore.swift */,
				72CB50D44404E124001B0952 /* WidgetSong.swift */,
				418CAB7CBA3CC98B2440667D /* WordTiming.swift */,
			);
			path = Shared;
			sourceTree = "<group>";
		};
		"TEMP_07070574-1A7F-4395-B9B1-B14C9A523C01" /* CarLyrics */ = {
			isa = PBXGroup;
			children = (
				"TEMP_D7BF955E-DE9B-4FA7-BCA4-D3CE5BF4FCC5" /* Base.xcconfig */,
			);
			path = CarLyrics;
			sourceTree = "<group>";
		};
/* End PBXGroup section */

/* Begin PBXNativeTarget section */
		0999204BC98962D0FB5C9EEA /* CarLyricsWidget */ = {
			isa = PBXNativeTarget;
			buildConfigurationList = E9C6BBD8B26E119A3E32BF37 /* Build configuration list for PBXNativeTarget "CarLyricsWidget" */;
			buildPhases = (
				6F855A2EC851B17857F21567 /* Sources */,
			);
			buildRules = (
			);
			dependencies = (
			);
			name = CarLyricsWidget;
			packageProductDependencies = (
			);
			productName = CarLyricsWidget;
			productReference = 17D2130A95163B57C8724D44 /* CarLyricsWidget.appex */;
			productType = "com.apple.product-type.app-extension";
		};
		EFF0B9CB437AC656ACADE197 /* CarLyrics */ = {
			isa = PBXNativeTarget;
			buildConfigurationList = F63726A4246365E65C336231 /* Build configuration list for PBXNativeTarget "CarLyrics" */;
			buildPhases = (
				243D01B38218CFAF8FCF6CD9 /* Sources */,
				EC366E729B96C5B3D3B6426F /* Resources */,
				8E114FD3511FAC4DFC2FDC54 /* Frameworks */,
				ECCC7A32FFE0213C3399CE5F /* Embed Foundation Extensions */,
			);
			buildRules = (
			);
			dependencies = (
				E4521DE9FEEBFC9C21650C5F /* PBXTargetDependency */,
			);
			name = CarLyrics;
			packageProductDependencies = (
				2777BA39026F4F8D7099888B /* SpotifyLogin */,
			);
			productName = CarLyrics;
			productReference = DD6363CA8D143DD2D1E762E8 /* CarLyrics.app */;
			productType = "com.apple.product-type.application";
		};
/* End PBXNativeTarget section */

/* Begin PBXProject section */
		F71EE8D45CAF742F4C6505ED /* Project object */ = {
			isa = PBXProject;
			attributes = {
				BuildIndependentTargetsInParallel = YES;
				LastUpgradeCheck = 1430;
				TargetAttributes = {
					0999204BC98962D0FB5C9EEA = {
						DevelopmentTeam = "$(CARLYRICS_TEAM_ID)";
						ProvisioningStyle = Automatic;
					};
					EFF0B9CB437AC656ACADE197 = {
						DevelopmentTeam = "$(CARLYRICS_TEAM_ID)";
						ProvisioningStyle = Automatic;
					};
				};
			};
			buildConfigurationList = AA62A80C52D6B3FBF49120E7 /* Build configuration list for PBXProject "CarLyrics" */;
			developmentRegion = en;
			hasScannedForEncodings = 0;
			knownRegions = (
				Base,
				en,
			);
			mainGroup = 95A4DEA6802046F5D51ADF5C;
			minimizedProjectReferenceProxies = 1;
			packageReferences = (
				BFFC08F40B3A8D321C0BE11A /* XCRemoteSwiftPackageReference "ios-auth" */,
			);
			preferredProjectObjectVersion = 77;
			productRefGroup = E8B6925BA2EFEEF9B548B183 /* Products */;
			projectDirPath = "";
			projectRoot = "";
			targets = (
				EFF0B9CB437AC656ACADE197 /* CarLyrics */,
				0999204BC98962D0FB5C9EEA /* CarLyricsWidget */,
			);
		};
/* End PBXProject section */

/* Begin PBXResourcesBuildPhase section */
		EC366E729B96C5B3D3B6426F /* Resources */ = {
			isa = PBXResourcesBuildPhase;
			buildActionMask = 2147483647;
			files = (
				B69B7CC1837981E0BB1A645D /* Assets.xcassets in Resources */,
			);
			runOnlyForDeploymentPostprocessing = 0;
		};
/* End PBXResourcesBuildPhase section */

/* Begin PBXSourcesBuildPhase section */
		243D01B38218CFAF8FCF6CD9 /* Sources */ = {
			isa = PBXSourcesBuildPhase;
			buildActionMask = 2147483647;
			files = (
				45810DE482EC4A871C752748 /* AppModel.swift in Sources */,
				30237C7D0A2277E00D491CA7 /* ArtworkPalette.swift in Sources */,
				C0E521FB329335673913B7D0 /* BackgroundKeepAlive.swift in Sources */,
				7E240AB4DACF0B940AEDC53E /* CarLyricsApp.swift in Sources */,
				8D42C86FCC71BC9BC645FA10 /* Config.swift in Sources */,
				447748D977C7480E0EB3EC97 /* Diagnostics.swift in Sources */,
				E6C0821D1EEEB5B84D1E7C0B /* LiveActivityController.swift in Sources */,
				1925E0C50DEA47AFFBF1F1CB /* LyricsActivityAttributes.swift in Sources */,
				E2130C2E756B6D1A265F84D9 /* LyricsEngine.swift in Sources */,
				6F60CFCE14A6A068000CB537 /* LyricsIntents.swift in Sources */,
				B5C67960337B68C041952568 /* LyricsService.swift in Sources */,
				36F7B9C3B574CB99C0DDF98C /* SpotifyAPI.swift in Sources */,
				15EFDDE3CDDB06FDEF514B2D /* SpotifyAuth.swift in Sources */,
				660E9B6657A15F1F9DFB1C8D /* SpotifyTokenStore.swift in Sources */,
				F4ED3F9D5C67F89D2FC59988 /* Views.swift in Sources */,
				10A74E33213A9D7C01D092EC /* WidgetSong.swift in Sources */,
				0A91755499706FF76EEFDA88 /* WordTiming.swift in Sources */,
			);
			runOnlyForDeploymentPostprocessing = 0;
		};
		6F855A2EC851B17857F21567 /* Sources */ = {
			isa = PBXSourcesBuildPhase;
			buildActionMask = 2147483647;
			files = (
				851AB2B517833806234FDED0 /* ArtworkPalette.swift in Sources */,
				2C4B07E0C1CDDBB51B1DBF30 /* CarLyricsWidgetBundle.swift in Sources */,
				671AD61365DE6F68071A33C8 /* LyricsActivityAttributes.swift in Sources */,
				C7FB7FF80F79F6DE148E48E8 /* LyricsLiveActivity.swift in Sources */,
				A1AE24D265E2326AB60145AC /* LyricsService.swift in Sources */,
				5B1985B51B2BE4CDA5A12651 /* LyricsWidget.swift in Sources */,
				8850CE2BE225FC73052A537C /* SpotifyAPI.swift in Sources */,
				0C64DAECC37CE0F9EE6F4F84 /* SpotifyTokenStore.swift in Sources */,
				5E62B4F56475412BFA654984 /* WidgetSong.swift in Sources */,
				9FD1B665BFA731DCE91DED11 /* WordTiming.swift in Sources */,
			);
			runOnlyForDeploymentPostprocessing = 0;
		};
/* End PBXSourcesBuildPhase section */

/* Begin PBXTargetDependency section */
		E4521DE9FEEBFC9C21650C5F /* PBXTargetDependency */ = {
			isa = PBXTargetDependency;
			target = 0999204BC98962D0FB5C9EEA /* CarLyricsWidget */;
			targetProxy = B8288CA6B126B88E91AA9D41 /* PBXContainerItemProxy */;
		};
/* End PBXTargetDependency section */

/* Begin XCBuildConfiguration section */
		23CB6163D1568275BF42DECE /* Release */ = {
			isa = XCBuildConfiguration;
			baseConfigurationReference = "TEMP_D7BF955E-DE9B-4FA7-BCA4-D3CE5BF4FCC5" /* Base.xcconfig */;
			buildSettings = {
				ALWAYS_SEARCH_USER_PATHS = NO;
				CLANG_ANALYZER_NONNULL = YES;
				CLANG_ANALYZER_NUMBER_OBJECT_CONVERSION = YES_AGGRESSIVE;
				CLANG_CXX_LANGUAGE_STANDARD = "gnu++14";
				CLANG_CXX_LIBRARY = "libc++";
				CLANG_ENABLE_MODULES = YES;
				CLANG_ENABLE_OBJC_ARC = YES;
				CLANG_ENABLE_OBJC_WEAK = YES;
				CLANG_WARN_BLOCK_CAPTURE_AUTORELEASING = YES;
				CLANG_WARN_BOOL_CONVERSION = YES;
				CLANG_WARN_COMMA = YES;
				CLANG_WARN_CONSTANT_CONVERSION = YES;
				CLANG_WARN_DEPRECATED_OBJC_IMPLEMENTATIONS = YES;
				CLANG_WARN_DIRECT_OBJC_ISA_USAGE = YES_ERROR;
				CLANG_WARN_DOCUMENTATION_COMMENTS = YES;
				CLANG_WARN_EMPTY_BODY = YES;
				CLANG_WARN_ENUM_CONVERSION = YES;
				CLANG_WARN_INFINITE_RECURSION = YES;
				CLANG_WARN_INT_CONVERSION = YES;
				CLANG_WARN_NON_LITERAL_NULL_CONVERSION = YES;
				CLANG_WARN_OBJC_IMPLICIT_RETAIN_SELF = YES;
				CLANG_WARN_OBJC_LITERAL_CONVERSION = YES;
				CLANG_WARN_OBJC_ROOT_CLASS = YES_ERROR;
				CLANG_WARN_QUOTED_INCLUDE_IN_FRAMEWORK_HEADER = YES;
				CLANG_WARN_RANGE_LOOP_ANALYSIS = YES;
				CLANG_WARN_STRICT_PROTOTYPES = YES;
				CLANG_WARN_SUSPICIOUS_MOVE = YES;
				CLANG_WARN_UNGUARDED_AVAILABILITY = YES_AGGRESSIVE;
				CLANG_WARN_UNREACHABLE_CODE = YES;
				CLANG_WARN__DUPLICATE_METHOD_MATCH = YES;
				CODE_SIGN_STYLE = Automatic;
				COPY_PHASE_STRIP = NO;
				CURRENT_PROJECT_VERSION = 1;
				DEBUG_INFORMATION_FORMAT = "dwarf-with-dsym";
				DEVELOPMENT_TEAM = "$(CARLYRICS_TEAM_ID)";
				ENABLE_NS_ASSERTIONS = NO;
				ENABLE_STRICT_OBJC_MSGSEND = YES;
				GCC_C_LANGUAGE_STANDARD = gnu11;
				GCC_NO_COMMON_BLOCKS = YES;
				GCC_WARN_64_TO_32_BIT_CONVERSION = YES;
				GCC_WARN_ABOUT_RETURN_TYPE = YES_ERROR;
				GCC_WARN_UNDECLARED_SELECTOR = YES;
				GCC_WARN_UNINITIALIZED_AUTOS = YES_AGGRESSIVE;
				GCC_WARN_UNUSED_FUNCTION = YES;
				GCC_WARN_UNUSED_VARIABLE = YES;
				IPHONEOS_DEPLOYMENT_TARGET = 26.0;
				MARKETING_VERSION = 1.0;
				MTL_ENABLE_DEBUG_INFO = NO;
				MTL_FAST_MATH = YES;
				PRODUCT_NAME = "$(TARGET_NAME)";
				SDKROOT = iphoneos;
				SWIFT_COMPILATION_MODE = wholemodule;
				SWIFT_OPTIMIZATION_LEVEL = "-O";
				SWIFT_VERSION = 5.0;
			};
			name = Release;
		};
		580F2079A97FD100F3662640 /* Release */ = {
			isa = XCBuildConfiguration;
			buildSettings = {
				ASSETCATALOG_COMPILER_APPICON_NAME = AppIcon;
				CODE_SIGN_ENTITLEMENTS = CarLyrics/CarLyrics.entitlements;
				CODE_SIGN_IDENTITY = "iPhone Developer";
				GENERATE_INFOPLIST_FILE = NO;
				INFOPLIST_FILE = CarLyrics/Info.plist;
				LD_RUNPATH_SEARCH_PATHS = (
					"$(inherited)",
					"@executable_path/Frameworks",
				);
				PRODUCT_BUNDLE_IDENTIFIER = "$(CARLYRICS_BUNDLE_ID)";
				SDKROOT = iphoneos;
				TARGETED_DEVICE_FAMILY = 1;
			};
			name = Release;
		};
		73E631F176D6C25041254857 /* Debug */ = {
			isa = XCBuildConfiguration;
			buildSettings = {
				ASSETCATALOG_COMPILER_APPICON_NAME = AppIcon;
				CODE_SIGN_ENTITLEMENTS = CarLyrics/CarLyrics.entitlements;
				CODE_SIGN_IDENTITY = "iPhone Developer";
				GENERATE_INFOPLIST_FILE = NO;
				INFOPLIST_FILE = CarLyrics/Info.plist;
				LD_RUNPATH_SEARCH_PATHS = (
					"$(inherited)",
					"@executable_path/Frameworks",
				);
				PRODUCT_BUNDLE_IDENTIFIER = "$(CARLYRICS_BUNDLE_ID)";
				SDKROOT = iphoneos;
				TARGETED_DEVICE_FAMILY = 1;
			};
			name = Debug;
		};
		8334B4F19E83891FC39A4A8E /* Release */ = {
			isa = XCBuildConfiguration;
			buildSettings = {
				CODE_SIGN_ENTITLEMENTS = CarLyricsWidget/CarLyricsWidget.entitlements;
				GENERATE_INFOPLIST_FILE = NO;
				INFOPLIST_FILE = CarLyricsWidget/Info.plist;
				LD_RUNPATH_SEARCH_PATHS = (
					"$(inherited)",
					"@executable_path/Frameworks",
					"@executable_path/../../Frameworks",
				);
				PRODUCT_BUNDLE_IDENTIFIER = "$(CARLYRICS_BUNDLE_ID).widget";
				SDKROOT = iphoneos;
				TARGETED_DEVICE_FAMILY = "1,2";
			};
			name = Release;
		};
		B661031D5EB55CE710244241 /* Debug */ = {
			isa = XCBuildConfiguration;
			baseConfigurationReference = "TEMP_D7BF955E-DE9B-4FA7-BCA4-D3CE5BF4FCC5" /* Base.xcconfig */;
			buildSettings = {
				ALWAYS_SEARCH_USER_PATHS = NO;
				CLANG_ANALYZER_NONNULL = YES;
				CLANG_ANALYZER_NUMBER_OBJECT_CONVERSION = YES_AGGRESSIVE;
				CLANG_CXX_LANGUAGE_STANDARD = "gnu++14";
				CLANG_CXX_LIBRARY = "libc++";
				CLANG_ENABLE_MODULES = YES;
				CLANG_ENABLE_OBJC_ARC = YES;
				CLANG_ENABLE_OBJC_WEAK = YES;
				CLANG_WARN_BLOCK_CAPTURE_AUTORELEASING = YES;
				CLANG_WARN_BOOL_CONVERSION = YES;
				CLANG_WARN_COMMA = YES;
				CLANG_WARN_CONSTANT_CONVERSION = YES;
				CLANG_WARN_DEPRECATED_OBJC_IMPLEMENTATIONS = YES;
				CLANG_WARN_DIRECT_OBJC_ISA_USAGE = YES_ERROR;
				CLANG_WARN_DOCUMENTATION_COMMENTS = YES;
				CLANG_WARN_EMPTY_BODY = YES;
				CLANG_WARN_ENUM_CONVERSION = YES;
				CLANG_WARN_INFINITE_RECURSION = YES;
				CLANG_WARN_INT_CONVERSION = YES;
				CLANG_WARN_NON_LITERAL_NULL_CONVERSION = YES;
				CLANG_WARN_OBJC_IMPLICIT_RETAIN_SELF = YES;
				CLANG_WARN_OBJC_LITERAL_CONVERSION = YES;
				CLANG_WARN_OBJC_ROOT_CLASS = YES_ERROR;
				CLANG_WARN_QUOTED_INCLUDE_IN_FRAMEWORK_HEADER = YES;
				CLANG_WARN_RANGE_LOOP_ANALYSIS = YES;
				CLANG_WARN_STRICT_PROTOTYPES = YES;
				CLANG_WARN_SUSPICIOUS_MOVE = YES;
				CLANG_WARN_UNGUARDED_AVAILABILITY = YES_AGGRESSIVE;
				CLANG_WARN_UNREACHABLE_CODE = YES;
				CLANG_WARN__DUPLICATE_METHOD_MATCH = YES;
				CODE_SIGN_STYLE = Automatic;
				COPY_PHASE_STRIP = NO;
				CURRENT_PROJECT_VERSION = 1;
				DEBUG_INFORMATION_FORMAT = dwarf;
				DEVELOPMENT_TEAM = "$(CARLYRICS_TEAM_ID)";
				ENABLE_STRICT_OBJC_MSGSEND = YES;
				ENABLE_TESTABILITY = YES;
				GCC_C_LANGUAGE_STANDARD = gnu11;
				GCC_DYNAMIC_NO_PIC = NO;
				GCC_NO_COMMON_BLOCKS = YES;
				GCC_OPTIMIZATION_LEVEL = 0;
				GCC_PREPROCESSOR_DEFINITIONS = (
					"$(inherited)",
					"DEBUG=1",
				);
				GCC_WARN_64_TO_32_BIT_CONVERSION = YES;
				GCC_WARN_ABOUT_RETURN_TYPE = YES_ERROR;
				GCC_WARN_UNDECLARED_SELECTOR = YES;
				GCC_WARN_UNINITIALIZED_AUTOS = YES_AGGRESSIVE;
				GCC_WARN_UNUSED_FUNCTION = YES;
				GCC_WARN_UNUSED_VARIABLE = YES;
				IPHONEOS_DEPLOYMENT_TARGET = 26.0;
				MARKETING_VERSION = 1.0;
				MTL_ENABLE_DEBUG_INFO = INCLUDE_SOURCE;
				MTL_FAST_MATH = YES;
				ONLY_ACTIVE_ARCH = YES;
				PRODUCT_NAME = "$(TARGET_NAME)";
				SDKROOT = iphoneos;
				SWIFT_ACTIVE_COMPILATION_CONDITIONS = DEBUG;
				SWIFT_OPTIMIZATION_LEVEL = "-Onone";
				SWIFT_VERSION = 5.0;
			};
			name = Debug;
		};
		B7545AB1603758C404CE881C /* Debug */ = {
			isa = XCBuildConfiguration;
			buildSettings = {
				CODE_SIGN_ENTITLEMENTS = CarLyricsWidget/CarLyricsWidget.entitlements;
				GENERATE_INFOPLIST_FILE = NO;
				INFOPLIST_FILE = CarLyricsWidget/Info.plist;
				LD_RUNPATH_SEARCH_PATHS = (
					"$(inherited)",
					"@executable_path/Frameworks",
					"@executable_path/../../Frameworks",
				);
				PRODUCT_BUNDLE_IDENTIFIER = "$(CARLYRICS_BUNDLE_ID).widget";
				SDKROOT = iphoneos;
				TARGETED_DEVICE_FAMILY = "1,2";
			};
			name = Debug;
		};
/* End XCBuildConfiguration section */

/* Begin XCConfigurationList section */
		AA62A80C52D6B3FBF49120E7 /* Build configuration list for PBXProject "CarLyrics" */ = {
			isa = XCConfigurationList;
			buildConfigurations = (
				B661031D5EB55CE710244241 /* Debug */,
				23CB6163D1568275BF42DECE /* Release */,
			);
			defaultConfigurationIsVisible = 0;
			defaultConfigurationName = Debug;
		};
		E9C6BBD8B26E119A3E32BF37 /* Build configuration list for PBXNativeTarget "CarLyricsWidget" */ = {
			isa = XCConfigurationList;
			buildConfigurations = (
				B7545AB1603758C404CE881C /* Debug */,
				8334B4F19E83891FC39A4A8E /* Release */,
			);
			defaultConfigurationIsVisible = 0;
			defaultConfigurationName = Debug;
		};
		F63726A4246365E65C336231 /* Build configuration list for PBXNativeTarget "CarLyrics" */ = {
			isa = XCConfigurationList;
			buildConfigurations = (
				73E631F176D6C25041254857 /* Debug */,
				580F2079A97FD100F3662640 /* Release */,
			);
			defaultConfigurationIsVisible = 0;
			defaultConfigurationName = Debug;
		};
/* End XCConfigurationList section */

/* Begin XCRemoteSwiftPackageReference section */
		BFFC08F40B3A8D321C0BE11A /* XCRemoteSwiftPackageReference "ios-auth" */ = {
			isa = XCRemoteSwiftPackageReference;
			repositoryURL = "https://github.com/spotify/ios-auth.git";
			requirement = {
				kind = upToNextMajorVersion;
				minimumVersion = 3.1.2;
			};
		};
/* End XCRemoteSwiftPackageReference section */

/* Begin XCSwiftPackageProductDependency section */
		2777BA39026F4F8D7099888B /* SpotifyLogin */ = {
			isa = XCSwiftPackageProductDependency;
			package = BFFC08F40B3A8D321C0BE11A /* XCRemoteSwiftPackageReference "ios-auth" */;
			productName = SpotifyLogin;
		};
/* End XCSwiftPackageProductDependency section */
	};
	rootObject = F71EE8D45CAF742F4C6505ED /* Project object */;
}
